
Microsoft Visual Studio Solution File, Format Version 12.00
Project("{F2A71F9B-5D33-465A-A702-920D77279786}") = "FunctionalFizzBuzz", "FunctionalFizzBuzz\FunctionalFizzBuzz.fsproj", "{CE268437-2405-40B8-BCE5-42B10FD3E9C5}"
EndProject
Project("{2150E333-8FDC-42A3-9474-1A3956D46DE8}") = "Solution Items", "Solution Items", "{E14DA586-CB42-49D8-A0BB-51998DB334D4}"
	ProjectSection(SolutionItems) = preProject
		..\..\README.md = ..\..\README.md
	EndProjectSection
EndProject
Project("{F2A71F9B-5D33-465A-A702-920D77279786}") = "FunctionalFizzBuzz.Test", "FunctionalFizzBuzz.Test\FunctionalFizzBuzz.Test.fsproj", "{32D65BD3-8258-4C23-81D1-E64F54415709}"
EndProject
Global
	GlobalSection(SolutionConfigurationPlatforms) = preSolution
		Debug|Any CPU = Debug|Any CPU
		Release|Any CPU = Release|Any CPU
	EndGlobalSection
	GlobalSection(ProjectConfigurationPlatforms) = postSolution
		{CE268437-2405-40B8-BCE5-42B10FD3E9C5}.Debug|Any CPU.ActiveCfg = Debug|Any CPU
		{CE268437-2405-40B8-BCE5-42B10FD3E9C5}.Debug|Any CPU.Build.0 = Debug|Any CPU
		{CE268437-2405-40B8-BCE5-42B10FD3E9C5}.Release|Any CPU.ActiveCfg = Release|Any CPU
		{CE268437-2405-40B8-BCE5-42B10FD3E9C5}.Release|Any CPU.Build.0 = Release|Any CPU
		{32D65BD3-8258-4C23-81D1-E64F54415709}.Debug|Any CPU.ActiveCfg = Debug|Any CPU
		{32D65BD3-8258-4C23-81D1-E64F54415709}.Debug|Any CPU.Build.0 = Debug|Any CPU
		{32D65BD3-8258-4C23-81D1-E64F54415709}.Release|Any CPU.ActiveCfg = Release|Any CPU
		{32D65BD3-8258-4C23-81D1-E64F54415709}.Release|Any CPU.Build.0 = Release|Any CPU
	EndGlobalSection
EndGlobal
